
Microsoft Visual Studio Solution File, Format Version 12.00
# Visual Studio Version 16
VisualStudioVersion = 16.0.33027.164
MinimumVisualStudioVersion = 10.0.40219.1
Project("{FAE04EC0-301F-11D3-BF4B-00C04F79EFBC}") = "AOSFunctionalTests", "AOSFunctionalTests\AOSFunctionalTests.csproj", "{B538FFAA-D438-42D7-AE9A-B2C77D874C06}"
EndProject
Global
	GlobalSection(SolutionConfigurationPlatforms) = preSolution
		Debug|Any CPU = Debug|Any CPU
		Release|Any CPU = Release|Any CPU
	EndGlobalSection
	GlobalSection(ProjectConfigurationPlatforms) = postSolution
		{B538FFAA-D438-42D7-AE9A-B2C77D874C06}.Debug|Any CPU.ActiveCfg = Debug|Any CPU
		{B538FFAA-D438-42D7-AE9A-B2C77D874C06}.Debug|Any CPU.Build.0 = Debug|Any CPU
		{B538FFAA-D438-42D7-AE9A-B2C77D874C06}.Release|Any CPU.ActiveCfg = Release|Any CPU
		{B538FFAA-D438-42D7-AE9A-B2C77D874C06}.Release|Any CPU.Build.0 = Release|Any CPU
	EndGlobalSection
	GlobalSection(SolutionProperties) = preSolution
		HideSolutionNode = FALSE
	EndGlobalSection
	GlobalSection(ExtensibilityGlobals) = postSolution
		SolutionGuid = {7AD8E462-E6DB-448B-9F87-E4662B994F57}
	EndGlobalSection
EndGlobal
